<Solution>
  <Folder Name="/src/">
    <Project Path="src/ShipMate.AI.Api/ShipMate.AI.Api.csproj" />
    <Project Path="src/ShipMate.AI.Console/ShipMate.AI.Console.csproj" />
  </Folder>
  <Folder Name="/tests/">
    <Project Path="tests/ShipMate.AI.Tests/ShipMate.AI.Tests.csproj" />
  </Folder>
</Solution>
